// !$*UTF8*$!
{
	archiveVersion = 1;
	classes = {
	};
	objectVersion = 56;
	objects = {

/* Begin PBXBuildFile section */
		194D56F3299853E60087296D /* GoogleService-Info.plist in Resources */ = {isa = PBXBuildFile; fileRef = 194D56F2299853E60087296D /* GoogleService-Info.plist */; };
		1972906A2997FF9C0019784E /* AppDelegate.swift in Sources */ = {isa = PBXBuildFile; fileRef = 197290692997FF9C0019784E /* AppDelegate.swift */; };
		1972906C2997FF9C0019784E /* SceneDelegate.swift in Sources */ = {isa = PBXBuildFile; fileRef = 1972906B2997FF9C0019784E /* SceneDelegate.swift */; };
		197290732997FF9F0019784E /* Assets.xcassets in Resources */ = {isa = PBXBuildFile; fileRef = 197290722997FF9F0019784E /* Assets.xcassets */; };
		197290762997FF9F0019784E /* LaunchScreen.storyboard in Resources */ = {isa = PBXBuildFile; fileRef = 197290742997FF9F0019784E /* LaunchScreen.storyboard */; };
		19729081299800010019784E /* WelcomeViewController.swift in Sources */ = {isa = PBXBuildFile; fileRef = 19729080299800010019784E /* WelcomeViewController.swift */; };
		19729083299800140019784E /* RegisterViewController.swift in Sources */ = {isa = PBXBuildFile; fileRef = 19729082299800140019784E /* RegisterViewController.swift */; };
		19729085299800250019784E /* LoginViewController.swift in Sources */ = {isa = PBXBuildFile; fileRef = 19729084299800250019784E /* LoginViewController.swift */; };
		19729087299800310019784E /* ChatViewController.swift in Sources */ = {isa = PBXBuildFile; fileRef = 19729086299800310019784E /* ChatViewController.swift */; };
		197290892998045B0019784E /* Main.storyboard in Resources */ = {isa = PBXBuildFile; fileRef = 197290882998045B0019784E /* Main.storyboard */; };
		19A579F8299A527F00529DA8 /* Message.swift in Sources */ = {isa = PBXBuildFile; fileRef = 19A579F7299A527F00529DA8 /* Message.swift */; };
		19C7EA9D2999FD0500F89549 /* Constants.swift in Sources */ = {isa = PBXBuildFile; fileRef = 19C7EA9C2999FD0500F89549 /* Constants.swift */; };
		19D68C5D2998D41D0039F5EB /* FirebaseAuth in Frameworks */ = {isa = PBXBuildFile; productRef = 19D68C5C2998D41D0039F5EB /* FirebaseAuth */; };
		19D68C5F2998D41D0039F5EB /* FirebaseFirestore in Frameworks */ = {isa = PBXBuildFile; productRef = 19D68C5E2998D41D0039F5EB /* FirebaseFirestore */; };
		85BBC92E96EE21E39558A8EF /* Pods_TeemieChat.framework in Frameworks */ = {isa = PBXBuildFile; fileRef = E11EACC2851EAC7BBD028A1E /* Pods_TeemieChat.framework */; };
/* End PBXBuildFile section */

/* Begin PBXFileReference section */
		194D56F2299853E60087296D /* GoogleService-Info.plist */ = {isa = PBXFileReference; fileEncoding = 4; lastKnownFileType = text.plist.xml; path = "GoogleService-Info.plist"; sourceTree = "<group>"; };
		197290662997FF9C0019784E /* TeemieChat.app */ = {isa = PBXFileReference; explicitFileType = wrapper.application; includeInIndex = 0; path = TeemieChat.app; sourceTree = BUILT_PRODUCTS_DIR; };
		197290692997FF9C0019784E /* AppDelegate.swift */ = {isa = PBXFileReference; lastKnownFileType = sourcecode.swift; path = AppDelegate.swift; sourceTree = "<group>"; };
		1972906B2997FF9C0019784E /* SceneDelegate.swift */ = {isa = PBXFileReference; lastKnownFileType = sourcecode.swift; path = SceneDelegate.swift; sourceTree = "<group>"; };
		197290722997FF9F0019784E /* Assets.xcassets */ = {isa = PBXFileReference; lastKnownFileType = folder.assetcatalog; path = Assets.xcassets; sourceTree = "<group>"; };
		197290752997FF9F0019784E /* Base */ = {isa = PBXFileReference; lastKnownFileType = file.storyboard; name = Base; path = Base.lproj/LaunchScreen.storyboard; sourceTree = "<group>"; };
		197290772997FF9F0019784E /* Info.plist */ = {isa = PBXFileReference; lastKnownFileType = text.plist.xml; path = Info.plist; sourceTree = "<group>"; };
		19729080299800010019784E /* WelcomeViewController.swift */ = {isa = PBXFileReference; lastKnownFileType = sourcecode.swift; path = WelcomeViewController.swift; sourceTree = "<group>"; };
		19729082299800140019784E /* RegisterViewController.swift */ = {isa = PBXFileReference; lastKnownFileType = sourcecode.swift; path = RegisterViewController.swift; sourceTree = "<group>"; };
		19729084299800250019784E /* LoginViewController.swift */ = {isa = PBXFileReference; lastKnownFileType = sourcecode.swift; path = LoginViewController.swift; sourceTree = "<group>"; };
		19729086299800310019784E /* ChatViewController.swift */ = {isa = PBXFileReference; lastKnownFileType = sourcecode.swift; path = ChatViewController.swift; sourceTree = "<group>"; };
		197290882998045B0019784E /* Main.storyboard */ = {isa = PBXFileReference; fileEncoding = 4; lastKnownFileType = file.storyboard; path = Main.storyboard; sourceTree = "<group>"; };
		19A579F7299A527F00529DA8 /* Message.swift */ = {isa = PBXFileReference; lastKnownFileType = sourcecode.swift; path = Message.swift; sourceTree = "<group>"; };
		19C7EA9C2999FD0500F89549 /* Constants.swift */ = {isa = PBXFileReference; fileEncoding = 4; lastKnownFileType = sourcecode.swift; path = Constants.swift; sourceTree = "<group>"; };
		5E6448C3F55065EBFA542DBF /* Pods-TeemieChat.debug.xcconfig */ = {isa = PBXFileReference; includeInIndex = 1; lastKnownFileType = text.xcconfig; name = "Pods-TeemieChat.debug.xcconfig"; path = "Target Support Files/Pods-TeemieChat/Pods-TeemieChat.debug.xcconfig"; sourceTree = "<group>"; };
		CDF5AFF354E3E93C66B1A21C /* Pods-TeemieChat.release.xcconfig */ = {isa = PBXFileReference; includeInIndex = 1; lastKnownFileType = text.xcconfig; name = "Pods-TeemieChat.release.xcconfig"; path = "Target Support Files/Pods-TeemieChat/Pods-TeemieChat.release.xcconfig"; sourceTree = "<group>"; };
		E11EACC2851EAC7BBD028A1E /* Pods_TeemieChat.framework */ = {isa = PBXFileReference; explicitFileType = wrapper.framework; includeInIndex = 0; path = Pods_TeemieChat.framework; sourceTree = BUILT_PRODUCTS_DIR; };
/* End PBXFileReference section */

/* Begin PBXFrameworksBuildPhase section */
		197290632997FF9C0019784E /* Frameworks */ = {
			isa = PBXFrameworksBuildPhase;
			buildActionMask = 2147483647;
			files = (
				85BBC92E96EE21E39558A8EF /* Pods_TeemieChat.framework in Frameworks */,
				19D68C5D2998D41D0039F5EB /* FirebaseAuth in Frameworks */,
				19D68C5F2998D41D0039F5EB /* FirebaseFirestore in Frameworks */,
			);
			runOnlyForDeploymentPostprocessing = 0;
		};
/* End PBXFrameworksBuildPhase section */

/* Begin PBXGroup section */
		1972905D2997FF9C0019784E = {
			isa = PBXGroup;
			children = (
				197290682997FF9C0019784E /* TeemieChat */,
				197290672997FF9C0019784E /* Products */,
				513D83F307AF74558F3944B2 /* Pods */,
				CF2D9F762A8D15E941647E0A /* Frameworks */,
			);
			sourceTree = "<group>";
		};
		197290672997FF9C0019784E /* Products */ = {
			isa = PBXGroup;
			children = (
				197290662997FF9C0019784E /* TeemieChat.app */,
			);
			name = Products;
			sourceTree = "<group>";
		};
		197290682997FF9C0019784E /* TeemieChat */ = {
			isa = PBXGroup;
			children = (
				19C7EA9C2999FD0500F89549 /* Constants.swift */,
				197290692997FF9C0019784E /* AppDelegate.swift */,
				1972906B2997FF9C0019784E /* SceneDelegate.swift */,
				1972907F2997FFCE0019784E /* Controllers */,
				1972907E2997FFC50019784E /* Views */,
				1972907D2997FFBC0019784E /* Models */,
				197290722997FF9F0019784E /* Assets.xcassets */,
				197290742997FF9F0019784E /* LaunchScreen.storyboard */,
				197290772997FF9F0019784E /* Info.plist */,
				194D56F2299853E60087296D /* GoogleService-Info.plist */,
			);
			path = TeemieChat;
			sourceTree = "<group>";
		};
		1972907D2997FFBC0019784E /* Models */ = {
			isa = PBXGroup;
			children = (
				19A579F7299A527F00529DA8 /* Message.swift */,
			);
			path = Models;
			sourceTree = "<group>";
		};
		1972907E2997FFC50019784E /* Views */ = {
			isa = PBXGroup;
			children = (
				197290882998045B0019784E /* Main.storyboard */,
			);
			path = Views;
			sourceTree = "<group>";
		};
		1972907F2997FFCE0019784E /* Controllers */ = {
			isa = PBXGroup;
			children = (
				19729080299800010019784E /* WelcomeViewController.swift */,
				19729082299800140019784E /* RegisterViewController.swift */,
				19729084299800250019784E /* LoginViewController.swift */,
				19729086299800310019784E /* ChatViewController.swift */,
			);
			path = Controllers;
			sourceTree = "<group>";
		};
		513D83F307AF74558F3944B2 /* Pods */ = {
			isa = PBXGroup;
			children = (
				5E6448C3F55065EBFA542DBF /* Pods-TeemieChat.debug.xcconfig */,
				CDF5AFF354E3E93C66B1A21C /* Pods-TeemieChat.release.xcconfig */,
			);
			path = Pods;
			sourceTree = "<group>";
		};
		CF2D9F762A8D15E941647E0A /* Frameworks */ = {
			isa = PBXGroup;
			children = (
				E11EACC2851EAC7BBD028A1E /* Pods_TeemieChat.framework */,
			);
			name = Frameworks;
			sourceTree = "<group>";
		};
/* End PBXGroup section */

/* Begin PBXNativeTarget section */
		197290652997FF9C0019784E /* TeemieChat */ = {
			isa = PBXNativeTarget;
			buildConfigurationList = 1972907A2997FF9F0019784E /* Build configuration list for PBXNativeTarget "TeemieChat" */;
			buildPhases = (
				8A5D271656938BE29B5E6FA8 /* [CP] Check Pods Manifest.lock */,
				197290622997FF9C0019784E /* Sources */,
				197290632997FF9C0019784E /* Frameworks */,
				197290642997FF9C0019784E /* Resources */,
			);
			buildRules = (
			);
			dependencies = (
			);
			name = TeemieChat;
			packageProductDependencies = (
				19D68C5C2998D41D0039F5EB /* FirebaseAuth */,
				19D68C5E2998D41D0039F5EB /* FirebaseFirestore */,
			);
			productName = TeemieChat;
			productReference = 197290662997FF9C0019784E /* TeemieChat.app */;
			productType = "com.apple.product-type.application";
		};
/* End PBXNativeTarget section */

/* Begin PBXProject section */
		1972905E2997FF9C0019784E /* Project object */ = {
			isa = PBXProject;
			attributes = {
				BuildIndependentTargetsInParallel = 1;
				LastSwiftUpdateCheck = 1400;
				LastUpgradeCheck = 1400;
				TargetAttributes = {
					197290652997FF9C0019784E = {
						CreatedOnToolsVersion = 14.0.1;
					};
				};
			};
			buildConfigurationList = 197290612997FF9C0019784E /* Build configuration list for PBXProject "TeemieChat" */;
			compatibilityVersion = "Xcode 14.0";
			developmentRegion = en;
			hasScannedForEncodings = 0;
			knownRegions = (
				en,
				Base,
			);
			mainGroup = 1972905D2997FF9C0019784E;
			packageReferences = (
				19D68C5B2998D41D0039F5EB /* XCRemoteSwiftPackageReference "firebase-ios-sdk" */,
			);
			productRefGroup = 197290672997FF9C0019784E /* Products */;
			projectDirPath = "";
			projectRoot = "";
			targets = (
				197290652997FF9C0019784E /* TeemieChat */,
			);
		};
/* End PBXProject section */

/* Begin PBXResourcesBuildPhase section */
		197290642997FF9C0019784E /* Resources */ = {
			isa = PBXResourcesBuildPhase;
			buildActionMask = 2147483647;
			files = (
				197290892998045B0019784E /* Main.storyboard in Resources */,
				194D56F3299853E60087296D /* GoogleService-Info.plist in Resources */,
				197290762997FF9F0019784E /* LaunchScreen.storyboard in Resources */,
				197290732997FF9F0019784E /* Assets.xcassets in Resources */,
			);
			runOnlyForDeploymentPostprocessing = 0;
		};
/* End PBXResourcesBuildPhase section */

/* Begin PBXShellScriptBuildPhase section */
		8A5D271656938BE29B5E6FA8 /* [CP] Check Pods Manifest.lock */ = {
			isa = PBXShellScriptBuildPhase;
			buildActionMask = 2147483647;
			files = (
			);
			inputFileListPaths = (
			);
			inputPaths = (
				"${PODS_PODFILE_DIR_PATH}/Podfile.lock",
				"${PODS_ROOT}/Manifest.lock",
			);
			name = "[CP] Check Pods Manifest.lock";
			outputFileListPaths = (
			);
			outputPaths = (
				"$(DERIVED_FILE_DIR)/Pods-TeemieChat-checkManifestLockResult.txt",
			);
			runOnlyForDeploymentPostprocessing = 0;
			shellPath = /bin/sh;
			shellScript = "diff \"${PODS_PODFILE_DIR_PATH}/Podfile.lock\" \"${PODS_ROOT}/Manifest.lock\" > /dev/null\nif [ $? != 0 ] ; then\n    # print error to STDERR\n    echo \"error: The sandbox is not in sync with the Podfile.lock. Run 'pod install' or update your CocoaPods installation.\" >&2\n    exit 1\nfi\n# This output is used by Xcode 'outputs' to avoid re-running this script phase.\necho \"SUCCESS\" > \"${SCRIPT_OUTPUT_FILE_0}\"\n";
			showEnvVarsInLog = 0;
		};
/* End PBXShellScriptBuildPhase section */

/* Begin PBXSourcesBuildPhase section */
		197290622997FF9C0019784E /* Sources */ = {
			isa = PBXSourcesBuildPhase;
			buildActionMask = 2147483647;
			files = (
				19729085299800250019784E /* LoginViewController.swift in Sources */,
				19729083299800140019784E /* RegisterViewController.swift in Sources */,
				19729087299800310019784E /* ChatViewController.swift in Sources */,
				19729081299800010019784E /* WelcomeViewController.swift in Sources */,
				19C7EA9D2999FD0500F89549 /* Constants.swift in Sources */,
				19A579F8299A527F00529DA8 /* Message.swift in Sources */,
				1972906A2997FF9C0019784E /* AppDelegate.swift in Sources */,
				1972906C2997FF9C0019784E /* SceneDelegate.swift in Sources */,
			);
			runOnlyForDeploymentPostprocessing = 0;
		};
/* End PBXSourcesBuildPhase section */

/* Begin PBXVariantGroup section */
		197290742997FF9F0019784E /* LaunchScreen.storyboard */ = {
			isa = PBXVariantGroup;
			children = (
				197290752997FF9F0019784E /* Base */,
			);
			name = LaunchScreen.storyboard;
			sourceTree = "<group>";
		};
/* End PBXVariantGroup section */

/* Begin XCBuildConfiguration section */
		197290782997FF9F0019784E /* Debug */ = {
			isa = XCBuildConfiguration;
			buildSettings = {
				ALWAYS_SEARCH_USER_PATHS = NO;
				CLANG_ANALYZER_NONNULL = YES;
				CLANG_ANALYZER_NUMBER_OBJECT_CONVERSION = YES_AGGRESSIVE;
				CLANG_CXX_LANGUAGE_STANDARD = "gnu++20";
				CLANG_ENABLE_MODULES = YES;
				CLANG_ENABLE_OBJC_ARC = YES;
				CLANG_ENABLE_OBJC_WEAK = YES;
				CLANG_WARN_BLOCK_CAPTURE_AUTORELEASING = YES;
				CLANG_WARN_BOOL_CONVERSION = YES;
				CLANG_WARN_COMMA = YES;
				CLANG_WARN_CONSTANT_CONVERSION = YES;
				CLANG_WARN_DEPRECATED_OBJC_IMPLEMENTATIONS = YES;
				CLANG_WARN_DIRECT_OBJC_ISA_USAGE = YES_ERROR;
				CLANG_WARN_DOCUMENTATION_COMMENTS = YES;
				CLANG_WARN_EMPTY_BODY = YES;
				CLANG_WARN_ENUM_CONVERSION = YES;
				CLANG_WARN_INFINITE_RECURSION = YES;
				CLANG_WARN_INT_CONVERSION = YES;
				CLANG_WARN_NON_LITERAL_NULL_CONVERSION = YES;
				CLANG_WARN_OBJC_IMPLICIT_RETAIN_SELF = YES;
				CLANG_WARN_OBJC_LITERAL_CONVERSION = YES;
				CLANG_WARN_OBJC_ROOT_CLASS = YES_ERROR;
				CLANG_WARN_QUOTED_INCLUDE_IN_FRAMEWORK_HEADER = YES;
				CLANG_WARN_RANGE_LOOP_ANALYSIS = YES;
				CLANG_WARN_STRICT_PROTOTYPES = YES;
				CLANG_WARN_SUSPICIOUS_MOVE = YES;
				CLANG_WARN_UNGUARDED_AVAILABILITY = YES_AGGRESSIVE;
				CLANG_WARN_UNREACHABLE_CODE = YES;
				CLANG_WARN__DUPLICATE_METHOD_MATCH = YES;
				COPY_PHASE_STRIP = NO;
				DEBUG_INFORMATION_FORMAT = dwarf;
				ENABLE_STRICT_OBJC_MSGSEND = YES;
				ENABLE_TESTABILITY = YES;
				GCC_C_LANGUAGE_STANDARD = gnu11;
				GCC_DYNAMIC_NO_PIC = NO;
				GCC_NO_COMMON_BLOCKS = YES;
				GCC_OPTIMIZATION_LEVEL = 0;
				GCC_PREPROCESSOR_DEFINITIONS = (
					"DEBUG=1",
					"$(inherited)",
				);
				GCC_WARN_64_TO_32_BIT_CONVERSION = YES;
				GCC_WARN_ABOUT_RETURN_TYPE = YES_ERROR;
				GCC_WARN_UNDECLARED_SELECTOR = YES;
				GCC_WARN_UNINITIALIZED_AUTOS = YES_AGGRESSIVE;
				GCC_WARN_UNUSED_FUNCTION = YES;
				GCC_WARN_UNUSED_VARIABLE = YES;
				IPHONEOS_DEPLOYMENT_TARGET = 16.0;
				MTL_ENABLE_DEBUG_INFO = INCLUDE_SOURCE;
				MTL_FAST_MATH = YES;
				ONLY_ACTIVE_ARCH = YES;
				SDKROOT = iphoneos;
				SWIFT_ACTIVE_COMPILATION_CONDITIONS = DEBUG;
				SWIFT_OPTIMIZATION_LEVEL = "-Onone";
			};
			name = Debug;
		};
		197290792997FF9F0019784E /* Release */ = {
			isa = XCBuildConfiguration;
			buildSettings = {
				ALWAYS_SEARCH_USER_PATHS = NO;
				CLANG_ANALYZER_NONNULL = YES;
				CLANG_ANALYZER_NUMBER_OBJECT_CONVERSION = YES_AGGRESSIVE;
				CLANG_CXX_LANGUAGE_STANDARD = "gnu++20";
				CLANG_ENABLE_MODULES = YES;
				CLANG_ENABLE_OBJC_ARC = YES;
				CLANG_ENABLE_OBJC_WEAK = YES;
				CLANG_WARN_BLOCK_CAPTURE_AUTORELEASING = YES;
				CLANG_WARN_BOOL_CONVERSION = YES;
				CLANG_WARN_COMMA = YES;
				CLANG_WARN_CONSTANT_CONVERSION = YES;
				CLANG_WARN_DEPRECATED_OBJC_IMPLEMENTATIONS = YES;
				CLANG_WARN_DIRECT_OBJC_ISA_USAGE = YES_ERROR;
				CLANG_WARN_DOCUMENTATION_COMMENTS = YES;
				CLANG_WARN_EMPTY_BODY = YES;
				CLANG_WARN_ENUM_CONVERSION = YES;
				CLANG_WARN_INFINITE_RECURSION = YES;
				CLANG_WARN_INT_CONVERSION = YES;
				CLANG_WARN_NON_LITERAL_NULL_CONVERSION = YES;
				CLANG_WARN_OBJC_IMPLICIT_RETAIN_SELF = YES;
				CLANG_WARN_OBJC_LITERAL_CONVERSION = YES;
				CLANG_WARN_OBJC_ROOT_CLASS = YES_ERROR;
				CLANG_WARN_QUOTED_INCLUDE_IN_FRAMEWORK_HEADER = YES;
				CLANG_WARN_RANGE_LOOP_ANALYSIS = YES;
				CLANG_WARN_STRICT_PROTOTYPES = YES;
				CLANG_WARN_SUSPICIOUS_MOVE = YES;
				CLANG_WARN_UNGUARDED_AVAILABILITY = YES_AGGRESSIVE;
				CLANG_WARN_UNREACHABLE_CODE = YES;
				CLANG_WARN__DUPLICATE_METHOD_MATCH = YES;
				COPY_PHASE_STRIP = NO;
				DEBUG_INFORMATION_FORMAT = "dwarf-with-dsym";
				ENABLE_NS_ASSERTIONS = NO;
				ENABLE_STRICT_OBJC_MSGSEND = YES;
				GCC_C_LANGUAGE_STANDARD = gnu11;
				GCC_NO_COMMON_BLOCKS = YES;
				GCC_WARN_64_TO_32_BIT_CONVERSION = YES;
				GCC_WARN_ABOUT_RETURN_TYPE = YES_ERROR;
				GCC_WARN_UNDECLARED_SELECTOR = YES;
				GCC_WARN_UNINITIALIZED_AUTOS = YES_AGGRESSIVE;
				GCC_WARN_UNUSED_FUNCTION = YES;
				GCC_WARN_UNUSED_VARIABLE = YES;
				IPHONEOS_DEPLOYMENT_TARGET = 16.0;
				MTL_ENABLE_DEBUG_INFO = NO;
				MTL_FAST_MATH = YES;
				SDKROOT = iphoneos;
				SWIFT_COMPILATION_MODE = wholemodule;
				SWIFT_OPTIMIZATION_LEVEL = "-O";
				VALIDATE_PRODUCT = YES;
			};
			name = Release;
		};
		1972907B2997FF9F0019784E /* Debug */ = {
			isa = XCBuildConfiguration;
			baseConfigurationReference = 5E6448C3F55065EBFA542DBF /* Pods-TeemieChat.debug.xcconfig */;
			buildSettings = {
				ASSETCATALOG_COMPILER_APPICON_NAME = AppIcon;
				ASSETCATALOG_COMPILER_GLOBAL_ACCENT_COLOR_NAME = AccentColor;
				CODE_SIGN_STYLE = Automatic;
				CURRENT_PROJECT_VERSION = 1;
				GENERATE_INFOPLIST_FILE = YES;
				INFOPLIST_FILE = TeemieChat/Info.plist;
				INFOPLIST_KEY_UIApplicationSupportsIndirectInputEvents = YES;
				INFOPLIST_KEY_UILaunchStoryboardName = LaunchScreen;
				INFOPLIST_KEY_UIMainStoryboardFile = Main;
				INFOPLIST_KEY_UISupportedInterfaceOrientations_iPad = "UIInterfaceOrientationPortrait UIInterfaceOrientationPortraitUpsideDown UIInterfaceOrientationLandscapeLeft UIInterfaceOrientationLandscapeRight";
				INFOPLIST_KEY_UISupportedInterfaceOrientations_iPhone = "UIInterfaceOrientationPortrait UIInterfaceOrientationLandscapeLeft UIInterfaceOrientationLandscapeRight";
				IPHONEOS_DEPLOYMENT_TARGET = 13.0;
				LD_RUNPATH_SEARCH_PATHS = (
					"$(inherited)",
					"@executable_path/Frameworks",
				);
				MARKETING_VERSION = 1.0;
				PRODUCT_BUNDLE_IDENTIFIER = com.nishantminerva.TeemieChat;
				PRODUCT_NAME = "$(TARGET_NAME)";
				SUPPORTED_PLATFORMS = "iphoneos iphonesimulator";
				SUPPORTS_MACCATALYST = NO;
				SUPPORTS_MAC_DESIGNED_FOR_IPHONE_IPAD = NO;
				SWIFT_EMIT_LOC_STRINGS = YES;
				SWIFT_VERSION = 5.0;
				TARGETED_DEVICE_FAMILY = 1;
			};
			name = Debug;
		};
		1972907C2997FF9F0019784E /* Release */ = {
			isa = XCBuildConfiguration;
			baseConfigurationReference = CDF5AFF354E3E93C66B1A21C /* Pods-TeemieChat.release.xcconfig */;
			buildSettings = {
				ASSETCATALOG_COMPILER_APPICON_NAME = AppIcon;
				ASSETCATALOG_COMPILER_GLOBAL_ACCENT_COLOR_NAME = AccentColor;
				CODE_SIGN_STYLE = Automatic;
				CURRENT_PROJECT_VERSION = 1;
				GENERATE_INFOPLIST_FILE = YES;
				INFOPLIST_FILE = TeemieChat/Info.plist;
				INFOPLIST_KEY_UIApplicationSupportsIndirectInputEvents = YES;
				INFOPLIST_KEY_UILaunchStoryboardName = LaunchScreen;
				INFOPLIST_KEY_UIMainStoryboardFile = Main;
				INFOPLIST_KEY_UISupportedInterfaceOrientations_iPad = "UIInterfaceOrientationPortrait UIInterfaceOrientationPortraitUpsideDown UIInterfaceOrientationLandscapeLeft UIInterfaceOrientationLandscapeRight";
				INFOPLIST_KEY_UISupportedInterfaceOrientations_iPhone = "UIInterfaceOrientationPortrait UIInterfaceOrientationLandscapeLeft UIInterfaceOrientationLandscapeRight";
				IPHONEOS_DEPLOYMENT_TARGET = 13.0;
				LD_RUNPATH_SEARCH_PATHS = (
					"$(inherited)",
					"@executable_path/Frameworks",
				);
				MARKETING_VERSION = 1.0;
				PRODUCT_BUNDLE_IDENTIFIER = com.nishantminerva.TeemieChat;
				PRODUCT_NAME = "$(TARGET_NAME)";
				SUPPORTED_PLATFORMS = "iphoneos iphonesimulator";
				SUPPORTS_MACCATALYST = NO;
				SUPPORTS_MAC_DESIGNED_FOR_IPHONE_IPAD = NO;
				SWIFT_EMIT_LOC_STRINGS = YES;
				SWIFT_VERSION = 5.0;
				TARGETED_DEVICE_FAMILY = 1;
			};
			name = Release;
		};
/* End XCBuildConfiguration section */

/* Begin XCConfigurationList section */
		197290612997FF9C0019784E /* Build configuration list for PBXProject "TeemieChat" */ = {
			isa = XCConfigurationList;
			buildConfigurations = (
				197290782997FF9F0019784E /* Debug */,
				197290792997FF9F0019784E /* Release */,
			);
			defaultConfigurationIsVisible = 0;
			defaultConfigurationName = Release;
		};
		1972907A2997FF9F0019784E /* Build configuration list for PBXNativeTarget "TeemieChat" */ = {
			isa = XCConfigurationList;
			buildConfigurations = (
				1972907B2997FF9F0019784E /* Debug */,
				1972907C2997FF9F0019784E /* Release */,
			);
			defaultConfigurationIsVisible = 0;
			defaultConfigurationName = Release;
		};
/* End XCConfigurationList section */

/* Begin XCRemoteSwiftPackageReference section */
		19D68C5B2998D41D0039F5EB /* XCRemoteSwiftPackageReference "firebase-ios-sdk" */ = {
			isa = XCRemoteSwiftPackageReference;
			repositoryURL = "https://github.com/firebase/firebase-ios-sdk";
			requirement = {
				kind = upToNextMajorVersion;
				minimumVersion = 9.0.0;
			};
		};
/* End XCRemoteSwiftPackageReference section */

/* Begin XCSwiftPackageProductDependency section */
		19D68C5C2998D41D0039F5EB /* FirebaseAuth */ = {
			isa = XCSwiftPackageProductDependency;
			package = 19D68C5B2998D41D0039F5EB /* XCRemoteSwiftPackageReference "firebase-ios-sdk" */;
			productName = FirebaseAuth;
		};
		19D68C5E2998D41D0039F5EB /* FirebaseFirestore */ = {
			isa = XCSwiftPackageProductDependency;
			package = 19D68C5B2998D41D0039F5EB /* XCRemoteSwiftPackageReference "firebase-ios-sdk" */;
			productName = FirebaseFirestore;
		};
/* End XCSwiftPackageProductDependency section */
	};
	rootObject = 1972905E2997FF9C0019784E /* Project object */;
}
